{
  "originHash" : "6d32299af0a66949c89a34a3698d1176c14a9bb7a5e6f1cd4b4f3f0239f766fd",
  "pins" : [
    {
      "identity" : "partiti-ui",
      "kind" : "remoteSourceControl",
      "location" : "https://github.com/gabry-ts/partiti-ui",
      "state" : {
        "revision" : "e6b0986220e3e256da1197ef690099cff4b09225",
        "version" : "0.3.0"
      }
    },
    {
      "identity" : "sparkle",
      "kind" : "remoteSourceControl",
      "location" : "https://github.com/sparkle-project/Sparkle",
      "state" : {
        "revision" : "eef1a539a373c1f1a320624b1130fc5de7b2e100",
        "version" : "2.10.0"
      }
    }
  ],
  "version" : 3
}
